
Microsoft Visual Studio Solution File, Format Version 12.00
# Visual Studio Version 17
VisualStudioVersion = 17.13.35913.81 d17.13
MinimumVisualStudioVersion = 10.0.40219.1
Project("{FAE04EC0-301F-11D3-BF4B-00C04F79EFBC}") = "Cuentas_Bancarias", "Cuentas_Bancarias\Cuentas_Bancarias.csproj", "{FFED48F8-C6FB-40C8-8E46-0566C8BE2B7E}"
EndProject
Global
	GlobalSection(SolutionConfigurationPlatforms) = preSolution
		Debug|Any CPU = Debug|Any CPU
		Release|Any CPU = Release|Any CPU
	EndGlobalSection
	GlobalSection(ProjectConfigurationPlatforms) = postSolution
		{FFED48F8-C6FB-40C8-8E46-0566C8BE2B7E}.Debug|Any CPU.ActiveCfg = Debug|Any CPU
		{FFED48F8-C6FB-40C8-8E46-0566C8BE2B7E}.Debug|Any CPU.Build.0 = Debug|Any CPU
		{FFED48F8-C6FB-40C8-8E46-0566C8BE2B7E}.Release|Any CPU.ActiveCfg = Release|Any CPU
		{FFED48F8-C6FB-40C8-8E46-0566C8BE2B7E}.Release|Any CPU.Build.0 = Release|Any CPU
	EndGlobalSection
	GlobalSection(SolutionProperties) = preSolution
		HideSolutionNode = FALSE
	EndGlobalSection
	GlobalSection(ExtensibilityGlobals) = postSolution
		SolutionGuid = {0A575264-300F-4B93-A246-4DD514CA32E1}
	EndGlobalSection
EndGlobal
